
Microsoft Visual Studio Solution File, Format Version 12.00
# Visual Studio Version 17
VisualStudioVersion = 17.7.34003.232
MinimumVisualStudioVersion = 10.0.40219.1
Project("{FAE04EC0-301F-11D3-BF4B-00C04F79EFBC}") = "MarketX", "MarketX.csproj", "{FBDB2FF5-259E-4D66-962E-19A36ACE69AA}"
EndProject
Project("{FAE04EC0-301F-11D3-BF4B-00C04F79EFBC}") = "Constructor Overloading", "..\Constructor Overloading\Constructor Overloading.csproj", "{F095C95A-3719-4B81-92CC-940FCC25B78A}"
EndProject
Global
	GlobalSection(SolutionConfigurationPlatforms) = preSolution
		Debug|Any CPU = Debug|Any CPU
		Release|Any CPU = Release|Any CPU
	EndGlobalSection
	GlobalSection(ProjectConfigurationPlatforms) = postSolution
		{FBDB2FF5-259E-4D66-962E-19A36ACE69AA}.Debug|Any CPU.ActiveCfg = Debug|Any CPU
		{FBDB2FF5-259E-4D66-962E-19A36ACE69AA}.Debug|Any CPU.Build.0 = Debug|Any CPU
		{FBDB2FF5-259E-4D66-962E-19A36ACE69AA}.Release|Any CPU.ActiveCfg = Release|Any CPU
		{FBDB2FF5-259E-4D66-962E-19A36ACE69AA}.Release|Any CPU.Build.0 = Release|Any CPU
		{F095C95A-3719-4B81-92CC-940FCC25B78A}.Debug|Any CPU.ActiveCfg = Debug|Any CPU
		{F095C95A-3719-4B81-92CC-940FCC25B78A}.Debug|Any CPU.Build.0 = Debug|Any CPU
		{F095C95A-3719-4B81-92CC-940FCC25B78A}.Release|Any CPU.ActiveCfg = Release|Any CPU
		{F095C95A-3719-4B81-92CC-940FCC25B78A}.Release|Any CPU.Build.0 = Release|Any CPU
	EndGlobalSection
	GlobalSection(SolutionProperties) = preSolution
		HideSolutionNode = FALSE
	EndGlobalSection
	GlobalSection(ExtensibilityGlobals) = postSolution
		SolutionGuid = {D12F1F12-FA85-4A73-A465-0FBE765C309D}
	EndGlobalSection
EndGlobal
